
Microsoft Visual Studio Solution File, Format Version 12.00
# Visual Studio Version 17
VisualStudioVersion = 17.6.33815.320
MinimumVisualStudioVersion = 10.0.40219.1
Project("{2150E333-8FDC-42A3-9474-1A3956D46DE8}") = "xsd", "xsd", "{63739514-A8A9-4358-986A-E7DF70B1EE20}"
	ProjectSection(SolutionItems) = preProject
		xsd\eCH-0006-2-0.xsd = xsd\eCH-0006-2-0.xsd
		xsd\eCH-0007-3-0.xsd = xsd\eCH-0007-3-0.xsd
		xsd\eCH-0007-4-0.xsd = xsd\eCH-0007-4-0.xsd
		xsd\eCH-0007-5-0.xsd = xsd\eCH-0007-5-0.xsd
		xsd\eCH-0007-5-0f.xsd = xsd\eCH-0007-5-0f.xsd
		xsd\eCH-0007-6-0.xsd = xsd\eCH-0007-6-0.xsd
		xsd\eCH-0007-6-0f.xsd = xsd\eCH-0007-6-0f.xsd
		xsd\eCH-0008-1-0.xsd = xsd\eCH-0008-1-0.xsd
		xsd\eCH-0008-2-0.xsd = xsd\eCH-0008-2-0.xsd
		xsd\eCH-0008-3-0.xsd = xsd\eCH-0008-3-0.xsd
		xsd\eCH-0008-3-0f.xsd = xsd\eCH-0008-3-0f.xsd
		xsd\eCH-0010-3-0.xsd = xsd\eCH-0010-3-0.xsd
		xsd\eCH-0010-4-0.xsd = xsd\eCH-0010-4-0.xsd
		xsd\eCH-0010-4-0f.xsd = xsd\eCH-0010-4-0f.xsd
		xsd\eCH-0010-5-0.xsd = xsd\eCH-0010-5-0.xsd
		xsd\eCH-0010-5-0f.xsd = xsd\eCH-0010-5-0f.xsd
		xsd\eCH-0010-5-1.xsd = xsd\eCH-0010-5-1.xsd
		xsd\eCH-0010-5-1f.xsd = xsd\eCH-0010-5-1f.xsd
		xsd\eCH-0010-6-0.xsd = xsd\eCH-0010-6-0.xsd
		xsd\eCH-0010-6-0f.xsd = xsd\eCH-0010-6-0f.xsd
		xsd\eCH-0011-3-0.xsd = xsd\eCH-0011-3-0.xsd
		xsd\eCH-0011-7-0.xsd = xsd\eCH-0011-7-0.xsd
		xsd\eCH-0011-7-0f.xsd = xsd\eCH-0011-7-0f.xsd
		xsd\eCH-0011-8-1.xsd = xsd\eCH-0011-8-1.xsd
		xsd\eCH-0011-8-1f.xsd = xsd\eCH-0011-8-1f.xsd
		xsd\eCH-0020-3-0.xsd = xsd\eCH-0020-3-0.xsd
		xsd\eCH-0020-3-0f.xsd = xsd\eCH-0020-3-0f.xsd
		xsd\eCH-0021-6-0.xsd = xsd\eCH-0021-6-0.xsd
		xsd\eCH-0021-6-0f.xsd = xsd\eCH-0021-6-0f.xsd
		xsd\eCH-0021-7-0.xsd = xsd\eCH-0021-7-0.xsd
		xsd\eCH-0021-7-0f.xsd = xsd\eCH-0021-7-0f.xsd
		xsd\eCH-0039-2-0.xsd = xsd\eCH-0039-2-0.xsd
		xsd\eCH-0039-3-0.xsd = xsd\eCH-0039-3-0.xsd
		xsd\eCH-0044-1-1.xsd = xsd\eCH-0044-1-1.xsd
		xsd\eCH-0044-2-0.xsd = xsd\eCH-0044-2-0.xsd
		xsd\eCH-0044-2-0f.xsd = xsd\eCH-0044-2-0f.xsd
		xsd\eCH-0044-3-0f.xsd = xsd\eCH-0044-3-0f.xsd
		xsd\eCH-0044-4-1.xsd = xsd\eCH-0044-4-1.xsd
		xsd\eCH-0044-4-1f.xsd = xsd\eCH-0044-4-1f.xsd
		xsd\eCH-0045-3-0.xsd = xsd\eCH-0045-3-0.xsd
		xsd\eCH-0046-1-0.xsd = xsd\eCH-0046-1-0.xsd
		xsd\eCH-0046-2-0.xsd = xsd\eCH-0046-2-0.xsd
		xsd\eCH-0046-2-1.xsd = xsd\eCH-0046-2-1.xsd
		xsd\eCH-0046-2-1f.xsd = xsd\eCH-0046-2-1f.xsd
		xsd\eCH-0046-4-0.xsd = xsd\eCH-0046-4-0.xsd
		xsd\eCH-0046-4-0f.xsd = xsd\eCH-0046-4-0f.xsd
		xsd\eCH-0058-2-0.xsd = xsd\eCH-0058-2-0.xsd
		xsd\eCH-0058-3-0.xsd = xsd\eCH-0058-3-0.xsd
		xsd\eCH-0058-4-0.xsd = xsd\eCH-0058-4-0.xsd
		xsd\eCH-0058-5-0.xsd = xsd\eCH-0058-5-0.xsd
		xsd\eCH-0090-1-0.xsd = xsd\eCH-0090-1-0.xsd
		xsd\eCH-0090-2-0.xsd = xsd\eCH-0090-2-0.xsd
		xsd\eCH-0110-4-0.xsd = xsd\eCH-0110-4-0.xsd
		xsd\eCH-0135-1-0.xsd = xsd\eCH-0135-1-0.xsd
		xsd\eCH-0155-3-0.xsd = xsd\eCH-0155-3-0.xsd
		xsd\eCH-0155-4-0.xsd = xsd\eCH-0155-4-0.xsd
		xsd\eCH-0157-3-0.xsd = xsd\eCH-0157-3-0.xsd
		xsd\eCH-0157-4-0.xsd = xsd\eCH-0157-4-0.xsd
		xsd\eCH-0159-3-0.xsd = xsd\eCH-0159-3-0.xsd
		xsd\eCH-0159-4-0.xsd = xsd\eCH-0159-4-0.xsd
		xsd\eCH-0201-1-0.xsd = xsd\eCH-0201-1-0.xsd
		xsd\eCH-0222-1-0.xsd = xsd\eCH-0222-1-0.xsd
		xsd\eCH-0223-1-0.xsd = xsd\eCH-0223-1-0.xsd
		xsd\eCH-0223-1-3.xsd = xsd\eCH-0223-1-3.xsd
		xsd\eCH-0223-1-4.xsd = xsd\eCH-0223-1-4.xsd
		xsd\eEK-0020-1-0.xsd = xsd\eEK-0020-1-0.xsd
		xsd\eEK-0020-1-1.xsd = xsd\eEK-0020-1-1.xsd
		xsd\eEK-0020-1-2.xsd = xsd\eEK-0020-1-2.xsd
	EndProjectSection
EndProject
Project("{2150E333-8FDC-42A3-9474-1A3956D46DE8}") = "src", "src", "{D91B1E6D-88A5-4C4A-A8E8-C9ED200B3114}"
	ProjectSection(SolutionItems) = preProject
		src\eVRSG-0091-1-0\eVRSG-0091-1-0.csproj = src\eVRSG-0091-1-0\eVRSG-0091-1-0.csproj
	EndProjectSection
EndProject
Project("{9A19103F-16F7-4668-BE54-9A1E7A4F7556}") = "Eai.Common.eCH.AttributeChecker", "src\Eai.Common.eCH.AttributeChecker\Eai.Common.eCH.AttributeChecker.csproj", "{28D45B46-41EA-4012-B0A7-5DFC1E586697}"
EndProject
Project("{9A19103F-16F7-4668-BE54-9A1E7A4F7556}") = "eCH-0011-8-1f", "src\eCH-0011-8-1f\eCH-0011-8-1f.csproj", "{3F3010F3-978A-4C4C-B417-274FD702009C}"
EndProject
Project("{9A19103F-16F7-4668-BE54-9A1E7A4F7556}") = "eCH-0020-3-0", "src\eCH-0020-3-0\eCH-0020-3-0.csproj", "{6B3EAE83-A508-452E-A805-6F9E296BD233}"
EndProject
Project("{9A19103F-16F7-4668-BE54-9A1E7A4F7556}") = "eCH-0020-3-0f", "src\eCH-0020-3-0f\eCH-0020-3-0f.csproj", "{672825C7-1A4C-487C-BA78-B50BBC3684D5}"
EndProject
Project("{9A19103F-16F7-4668-BE54-9A1E7A4F7556}") = "eCH-0021-6-0", "src\eCH-0021-6-0\eCH-0021-6-0.csproj", "{F4C44D30-AA1B-4B35-9621-201797AF1FB7}"
EndProject
Project("{9A19103F-16F7-4668-BE54-9A1E7A4F7556}") = "eCH-0021-7-0", "src\eCH-0021-7-0\eCH-0021-7-0.csproj", "{8064092A-29EF-415F-854A-97E911E29A75}"
EndProject
Project("{9A19103F-16F7-4668-BE54-9A1E7A4F7556}") = "eCH-0021-7-0f", "src\eCH-0021-7-0f\eCH-0021-7-0f.csproj", "{E9AED7F5-720A-4AD1-ABB4-B7C15E6672CC}"
EndProject
Project("{9A19103F-16F7-4668-BE54-9A1E7A4F7556}") = "eCH-0039-3-0", "src\eCH-0039-3-0\eCH-0039-3-0.csproj", "{C188859F-1A39-4095-AF6B-DB2EDC75DDFE}"
EndProject
Project("{9A19103F-16F7-4668-BE54-9A1E7A4F7556}") = "eCH-0044-2-0", "src\eCH-0044-2-0\eCH-0044-2-0.csproj", "{1404DBCA-F672-458B-9BD4-D4EA6350419B}"
EndProject
Project("{9A19103F-16F7-4668-BE54-9A1E7A4F7556}") = "eCH-0044-3-0", "src\eCH-0044-3-0\eCH-0044-3-0.csproj", "{D69ABC64-2224-49E7-A7B4-284252D1EEF9}"
EndProject
Project("{9A19103F-16F7-4668-BE54-9A1E7A4F7556}") = "eCH-0044-4-1", "src\eCH-0044-4-1\eCH-0044-4-1.csproj", "{379E98F5-D082-40CC-9954-F6E2D1DE81FA}"
EndProject
Project("{9A19103F-16F7-4668-BE54-9A1E7A4F7556}") = "eCH-0044-4-1f", "src\eCH-0044-4-1f\eCH-0044-4-1f.csproj", "{B3F4C9FB-4767-4F13-97E6-B6DF7A7505D5}"
EndProject
Project("{9A19103F-16F7-4668-BE54-9A1E7A4F7556}") = "eCH-0045-3-0", "src\eCH-0045-3-0\eCH-0045-3-0.csproj", "{737A5CF9-4AEB-45B4-AB03-510339C04842}"
EndProject
Project("{9A19103F-16F7-4668-BE54-9A1E7A4F7556}") = "eCH-0045-4-0", "src\eCH-0045-4-0\eCH-0045-4-0.csproj", "{80BA50D6-2A94-4604-8A45-249EEFEC9EB2}"
EndProject
Project("{9A19103F-16F7-4668-BE54-9A1E7A4F7556}") = "eCH-0046-2-0", "src\eCH-0046-2-0\eCH-0046-2-0.csproj", "{1CBEB4D5-D21C-4AA9-B0A4-1DB2C76E26D2}"
EndProject
Project("{9A19103F-16F7-4668-BE54-9A1E7A4F7556}") = "eCH-0046-2-1", "src\eCH-0046-2-1\eCH-0046-2-1.csproj", "{6E4E8949-1E96-4619-A7A7-92F15C16AC66}"
EndProject
Project("{9A19103F-16F7-4668-BE54-9A1E7A4F7556}") = "eCH-0046-4-0", "src\eCH-0046-4-0\eCH-0046-4-0.csproj", "{D5C13DE4-4F84-4BE5-8035-72605E15D791}"
EndProject
Project("{9A19103F-16F7-4668-BE54-9A1E7A4F7556}") = "eCH-0058-4-0", "src\eCH-0058-4-0\eCH-0058-4-0.csproj", "{0C115347-28C2-454F-B6D6-472A96093EB4}"
EndProject
Project("{9A19103F-16F7-4668-BE54-9A1E7A4F7556}") = "eCH-0058-5-0", "src\eCH-0058-5-0\eCH-0058-5-0.csproj", "{263D5B1A-0FD9-4270-82C3-98868364946F}"
EndProject
Project("{9A19103F-16F7-4668-BE54-9A1E7A4F7556}") = "eCH-0090-1-0", "src\eCH-0090-1-0\eCH-0090-1-0.csproj", "{5265DABB-52C6-47B9-9DDB-ED09928D42D7}"
EndProject
Project("{9A19103F-16F7-4668-BE54-9A1E7A4F7556}") = "eCH-0135-1-0", "src\eCH-0135-1-0\eCH-0135-1-0.csproj", "{F75AAE2B-AAA1-4DE7-A87E-65A1BFA13080}"
EndProject
Project("{9A19103F-16F7-4668-BE54-9A1E7A4F7556}") = "eCH-0155-3-0", "src\eCH-0155-3-0\eCH-0155-3-0.csproj", "{0D2DD017-7990-4853-B04F-A9D5C8B9C341}"
EndProject
Project("{9A19103F-16F7-4668-BE54-9A1E7A4F7556}") = "eCH-0155-4-0", "src\eCH-0155-4-0\eCH-0155-4-0.csproj", "{647A37BA-BD84-49B4-B60D-4B4A86744FCA}"
EndProject
Project("{9A19103F-16F7-4668-BE54-9A1E7A4F7556}") = "eCH-0157-3-0", "src\eCH-0157-3-0\eCH-0157-3-0.csproj", "{52D7DEFE-7880-4659-BBED-A6AA5A0D4BEE}"
EndProject
Project("{9A19103F-16F7-4668-BE54-9A1E7A4F7556}") = "eCH-0157-4-0", "src\eCH-0157-4-0\eCH-0157-4-0.csproj", "{F86BDD6B-5C6A-48D6-8C98-A7C8B05860F4}"
EndProject
Project("{9A19103F-16F7-4668-BE54-9A1E7A4F7556}") = "eCH-0159-3-0", "src\eCH-0159-3-0\eCH-0159-3-0.csproj", "{4745C676-AF18-44BF-9A99-C04061444186}"
EndProject
Project("{9A19103F-16F7-4668-BE54-9A1E7A4F7556}") = "eCH-0201-1-0", "src\eCH-0201-1-0\eCH-0201-1-0.csproj", "{09362EE7-D088-4304-A2C0-EEB8776DE24C}"
EndProject
Project("{9A19103F-16F7-4668-BE54-9A1E7A4F7556}") = "eCH-0223-1-0", "src\eCH-0223-1-0\eCH-0223-1-0.csproj", "{EA2075FB-DE2C-49F6-857D-3039B3D3489E}"
EndProject
Project("{9A19103F-16F7-4668-BE54-9A1E7A4F7556}") = "eEK-0020-1-0", "src\eEK-0020-1-0\eEK-0020-1-0.csproj", "{076173FA-C208-41D5-8718-C191AD9EC6E8}"
EndProject
Project("{9A19103F-16F7-4668-BE54-9A1E7A4F7556}") = "eEK-0020-1-2", "src\eEK-0020-1-2\eEK-0020-1-2.csproj", "{36148146-54FC-4AB0-8837-56BAF5DBBB36}"
EndProject
Project("{9A19103F-16F7-4668-BE54-9A1E7A4F7556}") = "eCH-0006-2-0", "src\eCH-0006-2-0\eCH-0006-2-0.csproj", "{173D5120-21EC-4B6B-9EF9-91424C56F42B}"
EndProject
Project("{9A19103F-16F7-4668-BE54-9A1E7A4F7556}") = "eCH-0007-5-0", "src\eCH-0007-5-0\eCH-0007-5-0.csproj", "{1F054125-344A-48EB-96F7-7DE937954EAA}"
EndProject
Project("{9A19103F-16F7-4668-BE54-9A1E7A4F7556}") = "eCH-0007-5-0f", "src\eCH-0007-5-0f\eCH-0007-5-0f.csproj", "{FE42B8A8-0B1F-4572-A0C6-C1D3494059BF}"
EndProject
Project("{9A19103F-16F7-4668-BE54-9A1E7A4F7556}") = "eCH-0007-6-0", "src\eCH-0007-6-0\eCH-0007-6-0.csproj", "{C5EDE79B-887C-4C7D-B9CD-8D3D31BC9FB7}"
EndProject
Project("{9A19103F-16F7-4668-BE54-9A1E7A4F7556}") = "eCH-0008-3-0", "src\eCH-0008-3-0\eCH-0008-3-0.csproj", "{6AF320A8-DE31-4A3A-B7DD-DD16A090D1D2}"
EndProject
Project("{9A19103F-16F7-4668-BE54-9A1E7A4F7556}") = "eCH-0008-3-0f", "src\eCH-0008-3-0f\eCH-0008-3-0f.csproj", "{89B02BF6-4152-49B2-A040-93B53329E5C2}"
EndProject
Project("{9A19103F-16F7-4668-BE54-9A1E7A4F7556}") = "eCH-0010-4-0", "src\eCH-0010-4-0\eCH-0010-4-0.csproj", "{0FB609A6-C5E5-487C-8383-F832C1A5F96F}"
EndProject
Project("{9A19103F-16F7-4668-BE54-9A1E7A4F7556}") = "eCH-0010-5-0", "src\eCH-0010-5-0\eCH-0010-5-0.csproj", "{39C8666F-6758-4F17-B26C-006E6AAAAC0A}"
EndProject
Project("{9A19103F-16F7-4668-BE54-9A1E7A4F7556}") = "eCH-0010-5-1", "src\eCH-0010-5-1\eCH-0010-5-1.csproj", "{4B70A2A1-9AE5-44F9-B075-983D3BF1FF89}"
EndProject
Project("{9A19103F-16F7-4668-BE54-9A1E7A4F7556}") = "eCH-0010-5-1f", "src\eCH-0010-5-1f\eCH-0010-5-1f.csproj", "{0C4B08C5-D788-4B74-9306-ABD2B1C857B1}"
EndProject
Project("{9A19103F-16F7-4668-BE54-9A1E7A4F7556}") = "eCH-0010-6-0", "src\eCH-0010-6-0\eCH-0010-6-0.csproj", "{14220AFE-003E-431D-860B-E2ACDE4DBF00}"
EndProject
Project("{9A19103F-16F7-4668-BE54-9A1E7A4F7556}") = "eCH-0011-7-0", "src\eCH-0011-7-0\eCH-0011-7-0.csproj", "{E74DE655-C326-4E61-ADA8-371BF722E3D3}"
EndProject
Project("{9A19103F-16F7-4668-BE54-9A1E7A4F7556}") = "eCH-0011-8-1", "src\eCH-0011-8-1\eCH-0011-8-1.csproj", "{C4269266-076E-4C25-9044-6B12CC40EACD}"
EndProject
Project("{9A19103F-16F7-4668-BE54-9A1E7A4F7556}") = "eEK-0020-1-1", "src\eEK-0020-1-1\eEK-0020-1-1.csproj", "{3488573D-DCAF-47E1-90FF-36326648F73A}"
EndProject
Project("{9A19103F-16F7-4668-BE54-9A1E7A4F7556}") = "eCH-0155-1-0", "src\eCH-0155-1-0\eCH-0155-1-0.csproj", "{0E53C4B2-13D6-4908-90D4-051C700AB9B2}"
EndProject
Project("{9A19103F-16F7-4668-BE54-9A1E7A4F7556}") = "eCH-0044-4-0", "src\eCH-0044-4-0\eCH-0044-4-0.csproj", "{AA10CE56-5A53-4FC4-8ABF-94E03C9074B8}"
EndProject
Project("{9A19103F-16F7-4668-BE54-9A1E7A4F7556}") = "eCH-0159-4-0", "src\eCH-0159-4-0\eCH-0159-4-0.csproj", "{2A77E1CD-D16A-4E2F-9D2B-24FA79348E67}"
EndProject
Project("{9A19103F-16F7-4668-BE54-9A1E7A4F7556}") = "eCH-0223-1-4", "src\eCH-0223-1-4\eCH-0223-1-4.csproj", "{28751446-7157-447A-BB90-3A31E9035A8D}"
EndProject
Project("{9A19103F-16F7-4668-BE54-9A1E7A4F7556}") = "eCH-0007-4-0", "src\eCH-0007-4-0\eCH-0007-4-0.csproj", "{1949862C-3E34-4CA1-AE5F-03EBB740A993}"
EndProject
Project("{9A19103F-16F7-4668-BE54-9A1E7A4F7556}") = "eCH-0008-1-0", "src\eCH-0008-1-0\eCH-0008-1-0.csproj", "{6065D3AE-9A65-4B53-9E6F-E3245D5B4797}"
EndProject
Project("{9A19103F-16F7-4668-BE54-9A1E7A4F7556}") = "eCH-0039-2-0", "src\eCH-0039-2-0\eCH-0039-2-0.csproj", "{FE47A37A-5C65-4EEA-804A-64F6D61687D5}"
EndProject
Project("{9A19103F-16F7-4668-BE54-9A1E7A4F7556}") = "eCH-0046-1-0", "src\eCH-0046-1-0\eCH-0046-1-0.csproj", "{C027A5E4-0F2C-41EB-8C56-ED0DC189428B}"
EndProject
Project("{9A19103F-16F7-4668-BE54-9A1E7A4F7556}") = "eCH-0010-3-0", "src\eCH-0010-3-0\eCH-0010-3-0.csproj", "{3C6A84C1-E971-4020-A443-DF87073C247B}"
EndProject
Project("{9A19103F-16F7-4668-BE54-9A1E7A4F7556}") = "eCH-0044-1-1", "src\eCH-0044-1-1\eCH-0044-1-1.csproj", "{0BCAF00D-9C19-4D54-8A7C-A2A85640AD6D}"
EndProject
Project("{9A19103F-16F7-4668-BE54-9A1E7A4F7556}") = "eCH-0058-3-0", "src\eCH-0058-3-0\eCH-0058-3-0.csproj", "{102B85A4-0FCE-4319-BEBA-5714A13E91A2}"
EndProject
Project("{9A19103F-16F7-4668-BE54-9A1E7A4F7556}") = "eCH-0011-3-0", "src\eCH-0011-3-0\eCH-0011-3-0.csproj", "{C3729A6E-0792-4271-AA23-8A7C6D89FDEB}"
EndProject
Project("{9A19103F-16F7-4668-BE54-9A1E7A4F7556}") = "eCH-0008-2-0", "src\eCH-0008-2-0\eCH-0008-2-0.csproj", "{E87686AF-49C7-4593-9C90-47840753C096}"
EndProject
Project("{9A19103F-16F7-4668-BE54-9A1E7A4F7556}") = "eCH-0011-7-0f", "src\eCH-0011-7-0f\eCH-0011-7-0f.csproj", "{DCB80916-7DA4-415B-90C8-1D7CD0DA20E6}"
EndProject
Project("{9A19103F-16F7-4668-BE54-9A1E7A4F7556}") = "eCH-0044-3-0f", "src\eCH-0044-3-0f\eCH-0044-3-0f.csproj", "{E9B239B4-BE9E-4722-8F27-80CD360F0965}"
EndProject
Project("{9A19103F-16F7-4668-BE54-9A1E7A4F7556}") = "eCH-0058-2-0", "src\eCH-0058-2-0\eCH-0058-2-0.csproj", "{8E5CCBD6-03AB-4D78-AB02-74323F888207}"
EndProject
Project("{9A19103F-16F7-4668-BE54-9A1E7A4F7556}") = "eCH-0228-0-5", "src\eCH-0228-0-5\eCH-0228-0-5.csproj", "{5F0F218A-9DF6-4365-A0B2-4FCD0C1A1337}"
EndProject
Project("{9A19103F-16F7-4668-BE54-9A1E7A4F7556}") = "eCH-0090-2-0", "src\eCH-0090-2-0\eCH-0090-2-0.csproj", "{75F41584-04EC-41D9-8AE8-7DE3C546649B}"
EndProject
Project("{9A19103F-16F7-4668-BE54-9A1E7A4F7556}") = "eEK-0020-1-3", "src\eEK-0020-1-3\eEK-0020-1-3.csproj", "{7253E98B-9349-490E-A66C-C88982B3D2E7}"
EndProject
Project("{9A19103F-16F7-4668-BE54-9A1E7A4F7556}") = "eCH-0223-1-5", "src\eCH-0223-1-5\eCH-0223-1-5.csproj", "{4424CB4E-0D14-46D6-AAA8-5A618FE82004}"
EndProject
Project("{9A19103F-16F7-4668-BE54-9A1E7A4F7556}") = "eCH-0222-1-0", "src\eCH-0222-1-0\eCH-0222-1-0.csproj", "{1753AA67-AAB2-48FC-B44B-924AD549A478}"
EndProject
Project("{9A19103F-16F7-4668-BE54-9A1E7A4F7556}") = "eCH-0110-4-0", "src\eCH-0110-4-0\eCH-0110-4-0.csproj", "{B80D93F1-5FB8-4F40-A7A6-2CAE3F4F8FA2}"
EndProject
Project("{9A19103F-16F7-4668-BE54-9A1E7A4F7556}") = "eCH-0147-T0-1", "src\eCH-0147-T0-1\eCH-0147-T0-1.csproj", "{C72045F2-0A82-4F31-909E-82DABF2C46DC}"
EndProject
Project("{9A19103F-16F7-4668-BE54-9A1E7A4F7556}") = "eCH-0147-T1-1", "src\eCH-0147-T1-1\eCH-0147-T1-1.csproj", "{7540CC04-CBD0-4005-95CF-2A35FC9DCECE}"
EndProject
Project("{9A19103F-16F7-4668-BE54-9A1E7A4F7556}") = "eCH-0044-1-0", "src\eCH-0044-1-0\eCH-0044-1-0.csproj", "{1A9D17BA-D3D6-462B-8E90-D5860357BAAE}"
EndProject
Project("{9A19103F-16F7-4668-BE54-9A1E7A4F7556}") = "eCH-0007-3-0", "src\eCH-0007-3-0\eCH-0007-3-0.csproj", "{73585E91-679E-4F82-B9B8-521891D4730B}"
EndProject
Project("{2150E333-8FDC-42A3-9474-1A3956D46DE8}") = "config", "config", "{D801F969-BAEF-4A2D-823E-AEE9C5E4F11E}"
	ProjectSection(SolutionItems) = preProject
		.editorconfig = .editorconfig
		.gitignore = .gitignore
		.gitlab-ci.yml = .gitlab-ci.yml
		.releaserc.js = .releaserc.js
		abraxas.png = abraxas.png
		config\CodeAnalysis.props = config\CodeAnalysis.props
		CODE_OF_CONDUCT.md = CODE_OF_CONDUCT.md
		config\Common.props = config\Common.props
		Directory.Build.props = Directory.Build.props
		dotnet-tools.json = dotnet-tools.json
		global.json = global.json
		LICENSE = LICENSE
		README.md = README.md
		config\stylecop.json = config\stylecop.json
	EndProjectSection
EndProject
Global
	GlobalSection(SolutionConfigurationPlatforms) = preSolution
		Debug|Any CPU = Debug|Any CPU
		gitlab|Any CPU = gitlab|Any CPU
		Release|Any CPU = Release|Any CPU
	EndGlobalSection
	GlobalSection(ProjectConfigurationPlatforms) = postSolution
		{28D45B46-41EA-4012-B0A7-5DFC1E586697}.Debug|Any CPU.ActiveCfg = Debug|Any CPU
		{28D45B46-41EA-4012-B0A7-5DFC1E586697}.Debug|Any CPU.Build.0 = Debug|Any CPU
		{28D45B46-41EA-4012-B0A7-5DFC1E586697}.gitlab|Any CPU.ActiveCfg = Debug|Any CPU
		{28D45B46-41EA-4012-B0A7-5DFC1E586697}.gitlab|Any CPU.Build.0 = Debug|Any CPU
		{28D45B46-41EA-4012-B0A7-5DFC1E586697}.Release|Any CPU.ActiveCfg = Release|Any CPU
		{28D45B46-41EA-4012-B0A7-5DFC1E586697}.Release|Any CPU.Build.0 = Release|Any CPU
		{3F3010F3-978A-4C4C-B417-274FD702009C}.Debug|Any CPU.ActiveCfg = Debug|Any CPU
		{3F3010F3-978A-4C4C-B417-274FD702009C}.Debug|Any CPU.Build.0 = Debug|Any CPU
		{3F3010F3-978A-4C4C-B417-274FD702009C}.gitlab|Any CPU.ActiveCfg = Debug|Any CPU
		{3F3010F3-978A-4C4C-B417-274FD702009C}.gitlab|Any CPU.Build.0 = Debug|Any CPU
		{3F3010F3-978A-4C4C-B417-274FD702009C}.Release|Any CPU.ActiveCfg = Release|Any CPU
		{3F3010F3-978A-4C4C-B417-274FD702009C}.Release|Any CPU.Build.0 = Release|Any CPU
		{6B3EAE83-A508-452E-A805-6F9E296BD233}.Debug|Any CPU.ActiveCfg = Debug|Any CPU
		{6B3EAE83-A508-452E-A805-6F9E296BD233}.Debug|Any CPU.Build.0 = Debug|Any CPU
		{6B3EAE83-A508-452E-A805-6F9E296BD233}.gitlab|Any CPU.ActiveCfg = Debug|Any CPU
		{6B3EAE83-A508-452E-A805-6F9E296BD233}.gitlab|Any CPU.Build.0 = Debug|Any CPU
		{6B3EAE83-A508-452E-A805-6F9E296BD233}.Release|Any CPU.ActiveCfg = Release|Any CPU
		{6B3EAE83-A508-452E-A805-6F9E296BD233}.Release|Any CPU.Build.0 = Release|Any CPU
		{672825C7-1A4C-487C-BA78-B50BBC3684D5}.Debug|Any CPU.ActiveCfg = Debug|Any CPU
		{672825C7-1A4C-487C-BA78-B50BBC3684D5}.Debug|Any CPU.Build.0 = Debug|Any CPU
		{672825C7-1A4C-487C-BA78-B50BBC3684D5}.gitlab|Any CPU.ActiveCfg = Debug|Any CPU
		{672825C7-1A4C-487C-BA78-B50BBC3684D5}.gitlab|Any CPU.Build.0 = Debug|Any CPU
		{672825C7-1A4C-487C-BA78-B50BBC3684D5}.Release|Any CPU.ActiveCfg = Release|Any CPU
		{672825C7-1A4C-487C-BA78-B50BBC3684D5}.Release|Any CPU.Build.0 = Release|Any CPU
		{F4C44D30-AA1B-4B35-9621-201797AF1FB7}.Debug|Any CPU.ActiveCfg = Debug|Any CPU
		{F4C44D30-AA1B-4B35-9621-201797AF1FB7}.Debug|Any CPU.Build.0 = Debug|Any CPU
		{F4C44D30-AA1B-4B35-9621-201797AF1FB7}.gitlab|Any CPU.ActiveCfg = Debug|Any CPU
		{F4C44D30-AA1B-4B35-9621-201797AF1FB7}.gitlab|Any CPU.Build.0 = Debug|Any CPU
		{F4C44D30-AA1B-4B35-9621-201797AF1FB7}.Release|Any CPU.ActiveCfg = Release|Any CPU
		{F4C44D30-AA1B-4B35-9621-201797AF1FB7}.Release|Any CPU.Build.0 = Release|Any CPU
		{8064092A-29EF-415F-854A-97E911E29A75}.Debug|Any CPU.ActiveCfg = Debug|Any CPU
		{8064092A-29EF-415F-854A-97E911E29A75}.Debug|Any CPU.Build.0 = Debug|Any CPU
		{8064092A-29EF-415F-854A-97E911E29A75}.gitlab|Any CPU.ActiveCfg = Debug|Any CPU
		{8064092A-29EF-415F-854A-97E911E29A75}.gitlab|Any CPU.Build.0 = Debug|Any CPU
		{8064092A-29EF-415F-854A-97E911E29A75}.Release|Any CPU.ActiveCfg = Release|Any CPU
		{8064092A-29EF-415F-854A-97E911E29A75}.Release|Any CPU.Build.0 = Release|Any CPU
		{E9AED7F5-720A-4AD1-ABB4-B7C15E6672CC}.Debug|Any CPU.ActiveCfg = Debug|Any CPU
		{E9AED7F5-720A-4AD1-ABB4-B7C15E6672CC}.Debug|Any CPU.Build.0 = Debug|Any CPU
		{E9AED7F5-720A-4AD1-ABB4-B7C15E6672CC}.gitlab|Any CPU.ActiveCfg = Debug|Any CPU
		{E9AED7F5-720A-4AD1-ABB4-B7C15E6672CC}.gitlab|Any CPU.Build.0 = Debug|Any CPU
		{E9AED7F5-720A-4AD1-ABB4-B7C15E6672CC}.Release|Any CPU.ActiveCfg = Release|Any CPU
		{E9AED7F5-720A-4AD1-ABB4-B7C15E6672CC}.Release|Any CPU.Build.0 = Release|Any CPU
		{C188859F-1A39-4095-AF6B-DB2EDC75DDFE}.Debug|Any CPU.ActiveCfg = Debug|Any CPU
		{C188859F-1A39-4095-AF6B-DB2EDC75DDFE}.Debug|Any CPU.Build.0 = Debug|Any CPU
		{C188859F-1A39-4095-AF6B-DB2EDC75DDFE}.gitlab|Any CPU.ActiveCfg = Debug|Any CPU
		{C188859F-1A39-4095-AF6B-DB2EDC75DDFE}.gitlab|Any CPU.Build.0 = Debug|Any CPU
		{C188859F-1A39-4095-AF6B-DB2EDC75DDFE}.Release|Any CPU.ActiveCfg = Release|Any CPU
		{C188859F-1A39-4095-AF6B-DB2EDC75DDFE}.Release|Any CPU.Build.0 = Release|Any CPU
		{1404DBCA-F672-458B-9BD4-D4EA6350419B}.Debug|Any CPU.ActiveCfg = Debug|Any CPU
		{1404DBCA-F672-458B-9BD4-D4EA6350419B}.Debug|Any CPU.Build.0 = Debug|Any CPU
		{1404DBCA-F672-458B-9BD4-D4EA6350419B}.gitlab|Any CPU.ActiveCfg = Debug|Any CPU
		{1404DBCA-F672-458B-9BD4-D4EA6350419B}.gitlab|Any CPU.Build.0 = Debug|Any CPU
		{1404DBCA-F672-458B-9BD4-D4EA6350419B}.Release|Any CPU.ActiveCfg = Release|Any CPU
		{1404DBCA-F672-458B-9BD4-D4EA6350419B}.Release|Any CPU.Build.0 = Release|Any CPU
		{D69ABC64-2224-49E7-A7B4-284252D1EEF9}.Debug|Any CPU.ActiveCfg = Debug|Any CPU
		{D69ABC64-2224-49E7-A7B4-284252D1EEF9}.Debug|Any CPU.Build.0 = Debug|Any CPU
		{D69ABC64-2224-49E7-A7B4-284252D1EEF9}.gitlab|Any CPU.ActiveCfg = Debug|Any CPU
		{D69ABC64-2224-49E7-A7B4-284252D1EEF9}.gitlab|Any CPU.Build.0 = Debug|Any CPU
		{D69ABC64-2224-49E7-A7B4-284252D1EEF9}.Release|Any CPU.ActiveCfg = Release|Any CPU
		{D69ABC64-2224-49E7-A7B4-284252D1EEF9}.Release|Any CPU.Build.0 = Release|Any CPU
		{379E98F5-D082-40CC-9954-F6E2D1DE81FA}.Debug|Any CPU.ActiveCfg = Debug|Any CPU
		{379E98F5-D082-40CC-9954-F6E2D1DE81FA}.Debug|Any CPU.Build.0 = Debug|Any CPU
		{379E98F5-D082-40CC-9954-F6E2D1DE81FA}.gitlab|Any CPU.ActiveCfg = Debug|Any CPU
		{379E98F5-D082-40CC-9954-F6E2D1DE81FA}.gitlab|Any CPU.Build.0 = Debug|Any CPU
		{379E98F5-D082-40CC-9954-F6E2D1DE81FA}.Release|Any CPU.ActiveCfg = Release|Any CPU
		{379E98F5-D082-40CC-9954-F6E2D1DE81FA}.Release|Any CPU.Build.0 = Release|Any CPU
		{B3F4C9FB-4767-4F13-97E6-B6DF7A7505D5}.Debug|Any CPU.ActiveCfg = Debug|Any CPU
		{B3F4C9FB-4767-4F13-97E6-B6DF7A7505D5}.Debug|Any CPU.Build.0 = Debug|Any CPU
		{B3F4C9FB-4767-4F13-97E6-B6DF7A7505D5}.gitlab|Any CPU.ActiveCfg = Debug|Any CPU
		{B3F4C9FB-4767-4F13-97E6-B6DF7A7505D5}.gitlab|Any CPU.Build.0 = Debug|Any CPU
		{B3F4C9FB-4767-4F13-97E6-B6DF7A7505D5}.Release|Any CPU.ActiveCfg = Release|Any CPU
		{B3F4C9FB-4767-4F13-97E6-B6DF7A7505D5}.Release|Any CPU.Build.0 = Release|Any CPU
		{737A5CF9-4AEB-45B4-AB03-510339C04842}.Debug|Any CPU.ActiveCfg = Debug|Any CPU
		{737A5CF9-4AEB-45B4-AB03-510339C04842}.Debug|Any CPU.Build.0 = Debug|Any CPU
		{737A5CF9-4AEB-45B4-AB03-510339C04842}.gitlab|Any CPU.ActiveCfg = Debug|Any CPU
		{737A5CF9-4AEB-45B4-AB03-510339C04842}.gitlab|Any CPU.Build.0 = Debug|Any CPU
		{737A5CF9-4AEB-45B4-AB03-510339C04842}.Release|Any CPU.ActiveCfg = Release|Any CPU
		{737A5CF9-4AEB-45B4-AB03-510339C04842}.Release|Any CPU.Build.0 = Release|Any CPU
		{80BA50D6-2A94-4604-8A45-249EEFEC9EB2}.Debug|Any CPU.ActiveCfg = Debug|Any CPU
		{80BA50D6-2A94-4604-8A45-249EEFEC9EB2}.Debug|Any CPU.Build.0 = Debug|Any CPU
		{80BA50D6-2A94-4604-8A45-249EEFEC9EB2}.gitlab|Any CPU.ActiveCfg = Debug|Any CPU
		{80BA50D6-2A94-4604-8A45-249EEFEC9EB2}.gitlab|Any CPU.Build.0 = Debug|Any CPU
		{80BA50D6-2A94-4604-8A45-249EEFEC9EB2}.Release|Any CPU.ActiveCfg = Release|Any CPU
		{80BA50D6-2A94-4604-8A45-249EEFEC9EB2}.Release|Any CPU.Build.0 = Release|Any CPU
		{1CBEB4D5-D21C-4AA9-B0A4-1DB2C76E26D2}.Debug|Any CPU.ActiveCfg = Debug|Any CPU
		{1CBEB4D5-D21C-4AA9-B0A4-1DB2C76E26D2}.Debug|Any CPU.Build.0 = Debug|Any CPU
		{1CBEB4D5-D21C-4AA9-B0A4-1DB2C76E26D2}.gitlab|Any CPU.ActiveCfg = Debug|Any CPU
		{1CBEB4D5-D21C-4AA9-B0A4-1DB2C76E26D2}.gitlab|Any CPU.Build.0 = Debug|Any CPU
		{1CBEB4D5-D21C-4AA9-B0A4-1DB2C76E26D2}.Release|Any CPU.ActiveCfg = Release|Any CPU
		{1CBEB4D5-D21C-4AA9-B0A4-1DB2C76E26D2}.Release|Any CPU.Build.0 = Release|Any CPU
		{6E4E8949-1E96-4619-A7A7-92F15C16AC66}.Debug|Any CPU.ActiveCfg = Debug|Any CPU
		{6E4E8949-1E96-4619-A7A7-92F15C16AC66}.Debug|Any CPU.Build.0 = Debug|Any CPU
		{6E4E8949-1E96-4619-A7A7-92F15C16AC66}.gitlab|Any CPU.ActiveCfg = Debug|Any CPU
		{6E4E8949-1E96-4619-A7A7-92F15C16AC66}.gitlab|Any CPU.Build.0 = Debug|Any CPU
		{6E4E8949-1E96-4619-A7A7-92F15C16AC66}.Release|Any CPU.ActiveCfg = Release|Any CPU
		{6E4E8949-1E96-4619-A7A7-92F15C16AC66}.Release|Any CPU.Build.0 = Release|Any CPU
		{D5C13DE4-4F84-4BE5-8035-72605E15D791}.Debug|Any CPU.ActiveCfg = Debug|Any CPU
		{D5C13DE4-4F84-4BE5-8035-72605E15D791}.Debug|Any CPU.Build.0 = Debug|Any CPU
		{D5C13DE4-4F84-4BE5-8035-72605E15D791}.gitlab|Any CPU.ActiveCfg = Debug|Any CPU
		{D5C13DE4-4F84-4BE5-8035-72605E15D791}.gitlab|Any CPU.Build.0 = Debug|Any CPU
		{D5C13DE4-4F84-4BE5-8035-72605E15D791}.Release|Any CPU.ActiveCfg = Release|Any CPU
		{D5C13DE4-4F84-4BE5-8035-72605E15D791}.Release|Any CPU.Build.0 = Release|Any CPU
		{0C115347-28C2-454F-B6D6-472A96093EB4}.Debug|Any CPU.ActiveCfg = Debug|Any CPU
		{0C115347-28C2-454F-B6D6-472A96093EB4}.Debug|Any CPU.Build.0 = Debug|Any CPU
		{0C115347-28C2-454F-B6D6-472A96093EB4}.gitlab|Any CPU.ActiveCfg = Debug|Any CPU
		{0C115347-28C2-454F-B6D6-472A96093EB4}.gitlab|Any CPU.Build.0 = Debug|Any CPU
		{0C115347-28C2-454F-B6D6-472A96093EB4}.Release|Any CPU.ActiveCfg = Release|Any CPU
		{0C115347-28C2-454F-B6D6-472A96093EB4}.Release|Any CPU.Build.0 = Release|Any CPU
		{263D5B1A-0FD9-4270-82C3-98868364946F}.Debug|Any CPU.ActiveCfg = Debug|Any CPU
		{263D5B1A-0FD9-4270-82C3-98868364946F}.Debug|Any CPU.Build.0 = Debug|Any CPU
		{263D5B1A-0FD9-4270-82C3-98868364946F}.gitlab|Any CPU.ActiveCfg = Debug|Any CPU
		{263D5B1A-0FD9-4270-82C3-98868364946F}.gitlab|Any CPU.Build.0 = Debug|Any CPU
		{263D5B1A-0FD9-4270-82C3-98868364946F}.Release|Any CPU.ActiveCfg = Release|Any CPU
		{263D5B1A-0FD9-4270-82C3-98868364946F}.Release|Any CPU.Build.0 = Release|Any CPU
		{5265DABB-52C6-47B9-9DDB-ED09928D42D7}.Debug|Any CPU.ActiveCfg = Debug|Any CPU
		{5265DABB-52C6-47B9-9DDB-ED09928D42D7}.Debug|Any CPU.Build.0 = Debug|Any CPU
		{5265DABB-52C6-47B9-9DDB-ED09928D42D7}.gitlab|Any CPU.ActiveCfg = Debug|Any CPU
		{5265DABB-52C6-47B9-9DDB-ED09928D42D7}.gitlab|Any CPU.Build.0 = Debug|Any CPU
		{5265DABB-52C6-47B9-9DDB-ED09928D42D7}.Release|Any CPU.ActiveCfg = Release|Any CPU
		{5265DABB-52C6-47B9-9DDB-ED09928D42D7}.Release|Any CPU.Build.0 = Release|Any CPU
		{F75AAE2B-AAA1-4DE7-A87E-65A1BFA13080}.Debug|Any CPU.ActiveCfg = Debug|Any CPU
		{F75AAE2B-AAA1-4DE7-A87E-65A1BFA13080}.Debug|Any CPU.Build.0 = Debug|Any CPU
		{F75AAE2B-AAA1-4DE7-A87E-65A1BFA13080}.gitlab|Any CPU.ActiveCfg = Debug|Any CPU
		{F75AAE2B-AAA1-4DE7-A87E-65A1BFA13080}.gitlab|Any CPU.Build.0 = Debug|Any CPU
		{F75AAE2B-AAA1-4DE7-A87E-65A1BFA13080}.Release|Any CPU.ActiveCfg = Release|Any CPU
		{F75AAE2B-AAA1-4DE7-A87E-65A1BFA13080}.Release|Any CPU.Build.0 = Release|Any CPU
		{0D2DD017-7990-4853-B04F-A9D5C8B9C341}.Debug|Any CPU.ActiveCfg = Debug|Any CPU
		{0D2DD017-7990-4853-B04F-A9D5C8B9C341}.Debug|Any CPU.Build.0 = Debug|Any CPU
		{0D2DD017-7990-4853-B04F-A9D5C8B9C341}.gitlab|Any CPU.ActiveCfg = Debug|Any CPU
		{0D2DD017-7990-4853-B04F-A9D5C8B9C341}.gitlab|Any CPU.Build.0 = Debug|Any CPU
		{0D2DD017-7990-4853-B04F-A9D5C8B9C341}.Release|Any CPU.ActiveCfg = Release|Any CPU
		{0D2DD017-7990-4853-B04F-A9D5C8B9C341}.Release|Any CPU.Build.0 = Release|Any CPU
		{647A37BA-BD84-49B4-B60D-4B4A86744FCA}.Debug|Any CPU.ActiveCfg = Debug|Any CPU
		{647A37BA-BD84-49B4-B60D-4B4A86744FCA}.Debug|Any CPU.Build.0 = Debug|Any CPU
		{647A37BA-BD84-49B4-B60D-4B4A86744FCA}.gitlab|Any CPU.ActiveCfg = Debug|Any CPU
		{647A37BA-BD84-49B4-B60D-4B4A86744FCA}.gitlab|Any CPU.Build.0 = Debug|Any CPU
		{647A37BA-BD84-49B4-B60D-4B4A86744FCA}.Release|Any CPU.ActiveCfg = Release|Any CPU
		{647A37BA-BD84-49B4-B60D-4B4A86744FCA}.Release|Any CPU.Build.0 = Release|Any CPU
		{52D7DEFE-7880-4659-BBED-A6AA5A0D4BEE}.Debug|Any CPU.ActiveCfg = Debug|Any CPU
		{52D7DEFE-7880-4659-BBED-A6AA5A0D4BEE}.Debug|Any CPU.Build.0 = Debug|Any CPU
		{52D7DEFE-7880-4659-BBED-A6AA5A0D4BEE}.gitlab|Any CPU.ActiveCfg = Debug|Any CPU
		{52D7DEFE-7880-4659-BBED-A6AA5A0D4BEE}.gitlab|Any CPU.Build.0 = Debug|Any CPU
		{52D7DEFE-7880-4659-BBED-A6AA5A0D4BEE}.Release|Any CPU.ActiveCfg = Release|Any CPU
		{52D7DEFE-7880-4659-BBED-A6AA5A0D4BEE}.Release|Any CPU.Build.0 = Release|Any CPU
		{F86BDD6B-5C6A-48D6-8C98-A7C8B05860F4}.Debug|Any CPU.ActiveCfg = Debug|Any CPU
		{F86BDD6B-5C6A-48D6-8C98-A7C8B05860F4}.Debug|Any CPU.Build.0 = Debug|Any CPU
		{F86BDD6B-5C6A-48D6-8C98-A7C8B05860F4}.gitlab|Any CPU.ActiveCfg = Debug|Any CPU
		{F86BDD6B-5C6A-48D6-8C98-A7C8B05860F4}.gitlab|Any CPU.Build.0 = Debug|Any CPU
		{F86BDD6B-5C6A-48D6-8C98-A7C8B05860F4}.Release|Any CPU.ActiveCfg = Release|Any CPU
		{F86BDD6B-5C6A-48D6-8C98-A7C8B05860F4}.Release|Any CPU.Build.0 = Release|Any CPU
		{4745C676-AF18-44BF-9A99-C04061444186}.Debug|Any CPU.ActiveCfg = Debug|Any CPU
		{4745C676-AF18-44BF-9A99-C04061444186}.Debug|Any CPU.Build.0 = Debug|Any CPU
		{4745C676-AF18-44BF-9A99-C04061444186}.gitlab|Any CPU.ActiveCfg = Debug|Any CPU
		{4745C676-AF18-44BF-9A99-C04061444186}.gitlab|Any CPU.Build.0 = Debug|Any CPU
		{4745C676-AF18-44BF-9A99-C04061444186}.Release|Any CPU.ActiveCfg = Release|Any CPU
		{4745C676-AF18-44BF-9A99-C04061444186}.Release|Any CPU.Build.0 = Release|Any CPU
		{09362EE7-D088-4304-A2C0-EEB8776DE24C}.Debug|Any CPU.ActiveCfg = Debug|Any CPU
		{09362EE7-D088-4304-A2C0-EEB8776DE24C}.Debug|Any CPU.Build.0 = Debug|Any CPU
		{09362EE7-D088-4304-A2C0-EEB8776DE24C}.gitlab|Any CPU.ActiveCfg = Debug|Any CPU
		{09362EE7-D088-4304-A2C0-EEB8776DE24C}.gitlab|Any CPU.Build.0 = Debug|Any CPU
		{09362EE7-D088-4304-A2C0-EEB8776DE24C}.Release|Any CPU.ActiveCfg = Release|Any CPU
		{09362EE7-D088-4304-A2C0-EEB8776DE24C}.Release|Any CPU.Build.0 = Release|Any CPU
		{EA2075FB-DE2C-49F6-857D-3039B3D3489E}.Debug|Any CPU.ActiveCfg = Debug|Any CPU
		{EA2075FB-DE2C-49F6-857D-3039B3D3489E}.Debug|Any CPU.Build.0 = Debug|Any CPU
		{EA2075FB-DE2C-49F6-857D-3039B3D3489E}.gitlab|Any CPU.ActiveCfg = Debug|Any CPU
		{EA2075FB-DE2C-49F6-857D-3039B3D3489E}.gitlab|Any CPU.Build.0 = Debug|Any CPU
		{EA2075FB-DE2C-49F6-857D-3039B3D3489E}.Release|Any CPU.ActiveCfg = Release|Any CPU
		{EA2075FB-DE2C-49F6-857D-3039B3D3489E}.Release|Any CPU.Build.0 = Release|Any CPU
		{076173FA-C208-41D5-8718-C191AD9EC6E8}.Debug|Any CPU.ActiveCfg = Debug|Any CPU
		{076173FA-C208-41D5-8718-C191AD9EC6E8}.Debug|Any CPU.Build.0 = Debug|Any CPU
		{076173FA-C208-41D5-8718-C191AD9EC6E8}.gitlab|Any CPU.ActiveCfg = Debug|Any CPU
		{076173FA-C208-41D5-8718-C191AD9EC6E8}.gitlab|Any CPU.Build.0 = Debug|Any CPU
		{076173FA-C208-41D5-8718-C191AD9EC6E8}.Release|Any CPU.ActiveCfg = Release|Any CPU
		{076173FA-C208-41D5-8718-C191AD9EC6E8}.Release|Any CPU.Build.0 = Release|Any CPU
		{36148146-54FC-4AB0-8837-56BAF5DBBB36}.Debug|Any CPU.ActiveCfg = Debug|Any CPU
		{36148146-54FC-4AB0-8837-56BAF5DBBB36}.Debug|Any CPU.Build.0 = Debug|Any CPU
		{36148146-54FC-4AB0-8837-56BAF5DBBB36}.gitlab|Any CPU.ActiveCfg = Debug|Any CPU
		{36148146-54FC-4AB0-8837-56BAF5DBBB36}.gitlab|Any CPU.Build.0 = Debug|Any CPU
		{36148146-54FC-4AB0-8837-56BAF5DBBB36}.Release|Any CPU.ActiveCfg = Release|Any CPU
		{36148146-54FC-4AB0-8837-56BAF5DBBB36}.Release|Any CPU.Build.0 = Release|Any CPU
		{173D5120-21EC-4B6B-9EF9-91424C56F42B}.Debug|Any CPU.ActiveCfg = Debug|Any CPU
		{173D5120-21EC-4B6B-9EF9-91424C56F42B}.Debug|Any CPU.Build.0 = Debug|Any CPU
		{173D5120-21EC-4B6B-9EF9-91424C56F42B}.gitlab|Any CPU.ActiveCfg = Debug|Any CPU
		{173D5120-21EC-4B6B-9EF9-91424C56F42B}.gitlab|Any CPU.Build.0 = Debug|Any CPU
		{173D5120-21EC-4B6B-9EF9-91424C56F42B}.Release|Any CPU.ActiveCfg = Release|Any CPU
		{173D5120-21EC-4B6B-9EF9-91424C56F42B}.Release|Any CPU.Build.0 = Release|Any CPU
		{1F054125-344A-48EB-96F7-7DE937954EAA}.Debug|Any CPU.ActiveCfg = Debug|Any CPU
		{1F054125-344A-48EB-96F7-7DE937954EAA}.Debug|Any CPU.Build.0 = Debug|Any CPU
		{1F054125-344A-48EB-96F7-7DE937954EAA}.gitlab|Any CPU.ActiveCfg = Debug|Any CPU
		{1F054125-344A-48EB-96F7-7DE937954EAA}.gitlab|Any CPU.Build.0 = Debug|Any CPU
		{1F054125-344A-48EB-96F7-7DE937954EAA}.Release|Any CPU.ActiveCfg = Release|Any CPU
		{1F054125-344A-48EB-96F7-7DE937954EAA}.Release|Any CPU.Build.0 = Release|Any CPU
		{FE42B8A8-0B1F-4572-A0C6-C1D3494059BF}.Debug|Any CPU.ActiveCfg = Debug|Any CPU
		{FE42B8A8-0B1F-4572-A0C6-C1D3494059BF}.Debug|Any CPU.Build.0 = Debug|Any CPU
		{FE42B8A8-0B1F-4572-A0C6-C1D3494059BF}.gitlab|Any CPU.ActiveCfg = Debug|Any CPU
		{FE42B8A8-0B1F-4572-A0C6-C1D3494059BF}.gitlab|Any CPU.Build.0 = Debug|Any CPU
		{FE42B8A8-0B1F-4572-A0C6-C1D3494059BF}.Release|Any CPU.ActiveCfg = Release|Any CPU
		{FE42B8A8-0B1F-4572-A0C6-C1D3494059BF}.Release|Any CPU.Build.0 = Release|Any CPU
		{C5EDE79B-887C-4C7D-B9CD-8D3D31BC9FB7}.Debug|Any CPU.ActiveCfg = Debug|Any CPU
		{C5EDE79B-887C-4C7D-B9CD-8D3D31BC9FB7}.Debug|Any CPU.Build.0 = Debug|Any CPU
		{C5EDE79B-887C-4C7D-B9CD-8D3D31BC9FB7}.gitlab|Any CPU.ActiveCfg = Debug|Any CPU
		{C5EDE79B-887C-4C7D-B9CD-8D3D31BC9FB7}.gitlab|Any CPU.Build.0 = Debug|Any CPU
		{C5EDE79B-887C-4C7D-B9CD-8D3D31BC9FB7}.Release|Any CPU.ActiveCfg = Release|Any CPU
		{C5EDE79B-887C-4C7D-B9CD-8D3D31BC9FB7}.Release|Any CPU.Build.0 = Release|Any CPU
		{6AF320A8-DE31-4A3A-B7DD-DD16A090D1D2}.Debug|Any CPU.ActiveCfg = Debug|Any CPU
		{6AF320A8-DE31-4A3A-B7DD-DD16A090D1D2}.Debug|Any CPU.Build.0 = Debug|Any CPU
		{6AF320A8-DE31-4A3A-B7DD-DD16A090D1D2}.gitlab|Any CPU.ActiveCfg = Debug|Any CPU
		{6AF320A8-DE31-4A3A-B7DD-DD16A090D1D2}.gitlab|Any CPU.Build.0 = Debug|Any CPU
		{6AF320A8-DE31-4A3A-B7DD-DD16A090D1D2}.Release|Any CPU.ActiveCfg = Release|Any CPU
		{6AF320A8-DE31-4A3A-B7DD-DD16A090D1D2}.Release|Any CPU.Build.0 = Release|Any CPU
		{89B02BF6-4152-49B2-A040-93B53329E5C2}.Debug|Any CPU.ActiveCfg = Debug|Any CPU
		{89B02BF6-4152-49B2-A040-93B53329E5C2}.Debug|Any CPU.Build.0 = Debug|Any CPU
		{89B02BF6-4152-49B2-A040-93B53329E5C2}.gitlab|Any CPU.ActiveCfg = Debug|Any CPU
		{89B02BF6-4152-49B2-A040-93B53329E5C2}.gitlab|Any CPU.Build.0 = Debug|Any CPU
		{89B02BF6-4152-49B2-A040-93B53329E5C2}.Release|Any CPU.ActiveCfg = Release|Any CPU
		{89B02BF6-4152-49B2-A040-93B53329E5C2}.Release|Any CPU.Build.0 = Release|Any CPU
		{0FB609A6-C5E5-487C-8383-F832C1A5F96F}.Debug|Any CPU.ActiveCfg = Debug|Any CPU
		{0FB609A6-C5E5-487C-8383-F832C1A5F96F}.Debug|Any CPU.Build.0 = Debug|Any CPU
		{0FB609A6-C5E5-487C-8383-F832C1A5F96F}.gitlab|Any CPU.ActiveCfg = Debug|Any CPU
		{0FB609A6-C5E5-487C-8383-F832C1A5F96F}.gitlab|Any CPU.Build.0 = Debug|Any CPU
		{0FB609A6-C5E5-487C-8383-F832C1A5F96F}.Release|Any CPU.ActiveCfg = Release|Any CPU
		{0FB609A6-C5E5-487C-8383-F832C1A5F96F}.Release|Any CPU.Build.0 = Release|Any CPU
		{39C8666F-6758-4F17-B26C-006E6AAAAC0A}.Debug|Any CPU.ActiveCfg = Debug|Any CPU
		{39C8666F-6758-4F17-B26C-006E6AAAAC0A}.Debug|Any CPU.Build.0 = Debug|Any CPU
		{39C8666F-6758-4F17-B26C-006E6AAAAC0A}.gitlab|Any CPU.ActiveCfg = Debug|Any CPU
		{39C8666F-6758-4F17-B26C-006E6AAAAC0A}.gitlab|Any CPU.Build.0 = Debug|Any CPU
		{39C8666F-6758-4F17-B26C-006E6AAAAC0A}.Release|Any CPU.ActiveCfg = Release|Any CPU
		{39C8666F-6758-4F17-B26C-006E6AAAAC0A}.Release|Any CPU.Build.0 = Release|Any CPU
		{4B70A2A1-9AE5-44F9-B075-983D3BF1FF89}.Debug|Any CPU.ActiveCfg = Debug|Any CPU
		{4B70A2A1-9AE5-44F9-B075-983D3BF1FF89}.Debug|Any CPU.Build.0 = Debug|Any CPU
		{4B70A2A1-9AE5-44F9-B075-983D3BF1FF89}.gitlab|Any CPU.ActiveCfg = Debug|Any CPU
		{4B70A2A1-9AE5-44F9-B075-983D3BF1FF89}.gitlab|Any CPU.Build.0 = Debug|Any CPU
		{4B70A2A1-9AE5-44F9-B075-983D3BF1FF89}.Release|Any CPU.ActiveCfg = Release|Any CPU
		{4B70A2A1-9AE5-44F9-B075-983D3BF1FF89}.Release|Any CPU.Build.0 = Release|Any CPU
		{0C4B08C5-D788-4B74-9306-ABD2B1C857B1}.Debug|Any CPU.ActiveCfg = Debug|Any CPU
		{0C4B08C5-D788-4B74-9306-ABD2B1C857B1}.Debug|Any CPU.Build.0 = Debug|Any CPU
		{0C4B08C5-D788-4B74-9306-ABD2B1C857B1}.gitlab|Any CPU.ActiveCfg = Debug|Any CPU
		{0C4B08C5-D788-4B74-9306-ABD2B1C857B1}.gitlab|Any CPU.Build.0 = Debug|Any CPU
		{0C4B08C5-D788-4B74-9306-ABD2B1C857B1}.Release|Any CPU.ActiveCfg = Release|Any CPU
		{0C4B08C5-D788-4B74-9306-ABD2B1C857B1}.Release|Any CPU.Build.0 = Release|Any CPU
		{14220AFE-003E-431D-860B-E2ACDE4DBF00}.Debug|Any CPU.ActiveCfg = Debug|Any CPU
		{14220AFE-003E-431D-860B-E2ACDE4DBF00}.Debug|Any CPU.Build.0 = Debug|Any CPU
		{14220AFE-003E-431D-860B-E2ACDE4DBF00}.gitlab|Any CPU.ActiveCfg = Debug|Any CPU
		{14220AFE-003E-431D-860B-E2ACDE4DBF00}.gitlab|Any CPU.Build.0 = Debug|Any CPU
		{14220AFE-003E-431D-860B-E2ACDE4DBF00}.Release|Any CPU.ActiveCfg = Release|Any CPU
		{14220AFE-003E-431D-860B-E2ACDE4DBF00}.Release|Any CPU.Build.0 = Release|Any CPU
		{E74DE655-C326-4E61-ADA8-371BF722E3D3}.Debug|Any CPU.ActiveCfg = Debug|Any CPU
		{E74DE655-C326-4E61-ADA8-371BF722E3D3}.Debug|Any CPU.Build.0 = Debug|Any CPU
		{E74DE655-C326-4E61-ADA8-371BF722E3D3}.gitlab|Any CPU.ActiveCfg = Debug|Any CPU
		{E74DE655-C326-4E61-ADA8-371BF722E3D3}.gitlab|Any CPU.Build.0 = Debug|Any CPU
		{E74DE655-C326-4E61-ADA8-371BF722E3D3}.Release|Any CPU.ActiveCfg = Release|Any CPU
		{E74DE655-C326-4E61-ADA8-371BF722E3D3}.Release|Any CPU.Build.0 = Release|Any CPU
		{C4269266-076E-4C25-9044-6B12CC40EACD}.Debug|Any CPU.ActiveCfg = Debug|Any CPU
		{C4269266-076E-4C25-9044-6B12CC40EACD}.Debug|Any CPU.Build.0 = Debug|Any CPU
		{C4269266-076E-4C25-9044-6B12CC40EACD}.gitlab|Any CPU.ActiveCfg = Debug|Any CPU
		{C4269266-076E-4C25-9044-6B12CC40EACD}.gitlab|Any CPU.Build.0 = Debug|Any CPU
		{C4269266-076E-4C25-9044-6B12CC40EACD}.Release|Any CPU.ActiveCfg = Release|Any CPU
		{C4269266-076E-4C25-9044-6B12CC40EACD}.Release|Any CPU.Build.0 = Release|Any CPU
		{3488573D-DCAF-47E1-90FF-36326648F73A}.Debug|Any CPU.ActiveCfg = Debug|Any CPU
		{3488573D-DCAF-47E1-90FF-36326648F73A}.Debug|Any CPU.Build.0 = Debug|Any CPU
		{3488573D-DCAF-47E1-90FF-36326648F73A}.gitlab|Any CPU.ActiveCfg = Debug|Any CPU
		{3488573D-DCAF-47E1-90FF-36326648F73A}.gitlab|Any CPU.Build.0 = Debug|Any CPU
		{3488573D-DCAF-47E1-90FF-36326648F73A}.Release|Any CPU.ActiveCfg = Release|Any CPU
		{3488573D-DCAF-47E1-90FF-36326648F73A}.Release|Any CPU.Build.0 = Release|Any CPU
		{0E53C4B2-13D6-4908-90D4-051C700AB9B2}.Debug|Any CPU.ActiveCfg = Debug|Any CPU
		{0E53C4B2-13D6-4908-90D4-051C700AB9B2}.Debug|Any CPU.Build.0 = Debug|Any CPU
		{0E53C4B2-13D6-4908-90D4-051C700AB9B2}.gitlab|Any CPU.ActiveCfg = Debug|Any CPU
		{0E53C4B2-13D6-4908-90D4-051C700AB9B2}.gitlab|Any CPU.Build.0 = Debug|Any CPU
		{0E53C4B2-13D6-4908-90D4-051C700AB9B2}.Release|Any CPU.ActiveCfg = Release|Any CPU
		{0E53C4B2-13D6-4908-90D4-051C700AB9B2}.Release|Any CPU.Build.0 = Release|Any CPU
		{AA10CE56-5A53-4FC4-8ABF-94E03C9074B8}.Debug|Any CPU.ActiveCfg = Debug|Any CPU
		{AA10CE56-5A53-4FC4-8ABF-94E03C9074B8}.Debug|Any CPU.Build.0 = Debug|Any CPU
		{AA10CE56-5A53-4FC4-8ABF-94E03C9074B8}.gitlab|Any CPU.ActiveCfg = Debug|Any CPU
		{AA10CE56-5A53-4FC4-8ABF-94E03C9074B8}.gitlab|Any CPU.Build.0 = Debug|Any CPU
		{AA10CE56-5A53-4FC4-8ABF-94E03C9074B8}.Release|Any CPU.ActiveCfg = Release|Any CPU
		{AA10CE56-5A53-4FC4-8ABF-94E03C9074B8}.Release|Any CPU.Build.0 = Release|Any CPU
		{2A77E1CD-D16A-4E2F-9D2B-24FA79348E67}.Debug|Any CPU.ActiveCfg = Debug|Any CPU
		{2A77E1CD-D16A-4E2F-9D2B-24FA79348E67}.Debug|Any CPU.Build.0 = Debug|Any CPU
		{2A77E1CD-D16A-4E2F-9D2B-24FA79348E67}.gitlab|Any CPU.ActiveCfg = Debug|Any CPU
		{2A77E1CD-D16A-4E2F-9D2B-24FA79348E67}.gitlab|Any CPU.Build.0 = Debug|Any CPU
		{2A77E1CD-D16A-4E2F-9D2B-24FA79348E67}.Release|Any CPU.ActiveCfg = Release|Any CPU
		{2A77E1CD-D16A-4E2F-9D2B-24FA79348E67}.Release|Any CPU.Build.0 = Release|Any CPU
		{28751446-7157-447A-BB90-3A31E9035A8D}.Debug|Any CPU.ActiveCfg = Debug|Any CPU
		{28751446-7157-447A-BB90-3A31E9035A8D}.Debug|Any CPU.Build.0 = Debug|Any CPU
		{28751446-7157-447A-BB90-3A31E9035A8D}.gitlab|Any CPU.ActiveCfg = Debug|Any CPU
		{28751446-7157-447A-BB90-3A31E9035A8D}.gitlab|Any CPU.Build.0 = Debug|Any CPU
		{28751446-7157-447A-BB90-3A31E9035A8D}.Release|Any CPU.ActiveCfg = Release|Any CPU
		{28751446-7157-447A-BB90-3A31E9035A8D}.Release|Any CPU.Build.0 = Release|Any CPU
		{1949862C-3E34-4CA1-AE5F-03EBB740A993}.Debug|Any CPU.ActiveCfg = Debug|Any CPU
		{1949862C-3E34-4CA1-AE5F-03EBB740A993}.Debug|Any CPU.Build.0 = Debug|Any CPU
		{1949862C-3E34-4CA1-AE5F-03EBB740A993}.gitlab|Any CPU.ActiveCfg = Debug|Any CPU
		{1949862C-3E34-4CA1-AE5F-03EBB740A993}.gitlab|Any CPU.Build.0 = Debug|Any CPU
		{1949862C-3E34-4CA1-AE5F-03EBB740A993}.Release|Any CPU.ActiveCfg = Release|Any CPU
		{1949862C-3E34-4CA1-AE5F-03EBB740A993}.Release|Any CPU.Build.0 = Release|Any CPU
		{6065D3AE-9A65-4B53-9E6F-E3245D5B4797}.Debug|Any CPU.ActiveCfg = Debug|Any CPU
		{6065D3AE-9A65-4B53-9E6F-E3245D5B4797}.Debug|Any CPU.Build.0 = Debug|Any CPU
		{6065D3AE-9A65-4B53-9E6F-E3245D5B4797}.gitlab|Any CPU.ActiveCfg = Debug|Any CPU
		{6065D3AE-9A65-4B53-9E6F-E3245D5B4797}.gitlab|Any CPU.Build.0 = Debug|Any CPU
		{6065D3AE-9A65-4B53-9E6F-E3245D5B4797}.Release|Any CPU.ActiveCfg = Release|Any CPU
		{6065D3AE-9A65-4B53-9E6F-E3245D5B4797}.Release|Any CPU.Build.0 = Release|Any CPU
		{FE47A37A-5C65-4EEA-804A-64F6D61687D5}.Debug|Any CPU.ActiveCfg = Debug|Any CPU
		{FE47A37A-5C65-4EEA-804A-64F6D61687D5}.Debug|Any CPU.Build.0 = Debug|Any CPU
		{FE47A37A-5C65-4EEA-804A-64F6D61687D5}.gitlab|Any CPU.ActiveCfg = Debug|Any CPU
		{FE47A37A-5C65-4EEA-804A-64F6D61687D5}.gitlab|Any CPU.Build.0 = Debug|Any CPU
		{FE47A37A-5C65-4EEA-804A-64F6D61687D5}.Release|Any CPU.ActiveCfg = Release|Any CPU
		{FE47A37A-5C65-4EEA-804A-64F6D61687D5}.Release|Any CPU.Build.0 = Release|Any CPU
		{C027A5E4-0F2C-41EB-8C56-ED0DC189428B}.Debug|Any CPU.ActiveCfg = Debug|Any CPU
		{C027A5E4-0F2C-41EB-8C56-ED0DC189428B}.Debug|Any CPU.Build.0 = Debug|Any CPU
		{C027A5E4-0F2C-41EB-8C56-ED0DC189428B}.gitlab|Any CPU.ActiveCfg = Debug|Any CPU
		{C027A5E4-0F2C-41EB-8C56-ED0DC189428B}.gitlab|Any CPU.Build.0 = Debug|Any CPU
		{C027A5E4-0F2C-41EB-8C56-ED0DC189428B}.Release|Any CPU.ActiveCfg = Release|Any CPU
		{C027A5E4-0F2C-41EB-8C56-ED0DC189428B}.Release|Any CPU.Build.0 = Release|Any CPU
		{3C6A84C1-E971-4020-A443-DF87073C247B}.Debug|Any CPU.ActiveCfg = Debug|Any CPU
		{3C6A84C1-E971-4020-A443-DF87073C247B}.Debug|Any CPU.Build.0 = Debug|Any CPU
		{3C6A84C1-E971-4020-A443-DF87073C247B}.gitlab|Any CPU.ActiveCfg = Debug|Any CPU
		{3C6A84C1-E971-4020-A443-DF87073C247B}.gitlab|Any CPU.Build.0 = Debug|Any CPU
		{3C6A84C1-E971-4020-A443-DF87073C247B}.Release|Any CPU.ActiveCfg = Release|Any CPU
		{3C6A84C1-E971-4020-A443-DF87073C247B}.Release|Any CPU.Build.0 = Release|Any CPU
		{0BCAF00D-9C19-4D54-8A7C-A2A85640AD6D}.Debug|Any CPU.ActiveCfg = Debug|Any CPU
		{0BCAF00D-9C19-4D54-8A7C-A2A85640AD6D}.Debug|Any CPU.Build.0 = Debug|Any CPU
		{0BCAF00D-9C19-4D54-8A7C-A2A85640AD6D}.gitlab|Any CPU.ActiveCfg = Debug|Any CPU
		{0BCAF00D-9C19-4D54-8A7C-A2A85640AD6D}.gitlab|Any CPU.Build.0 = Debug|Any CPU
		{0BCAF00D-9C19-4D54-8A7C-A2A85640AD6D}.Release|Any CPU.ActiveCfg = Release|Any CPU
		{0BCAF00D-9C19-4D54-8A7C-A2A85640AD6D}.Release|Any CPU.Build.0 = Release|Any CPU
		{102B85A4-0FCE-4319-BEBA-5714A13E91A2}.Debug|Any CPU.ActiveCfg = Debug|Any CPU
		{102B85A4-0FCE-4319-BEBA-5714A13E91A2}.Debug|Any CPU.Build.0 = Debug|Any CPU
		{102B85A4-0FCE-4319-BEBA-5714A13E91A2}.gitlab|Any CPU.ActiveCfg = Debug|Any CPU
		{102B85A4-0FCE-4319-BEBA-5714A13E91A2}.gitlab|Any CPU.Build.0 = Debug|Any CPU
		{102B85A4-0FCE-4319-BEBA-5714A13E91A2}.Release|Any CPU.ActiveCfg = Release|Any CPU
		{102B85A4-0FCE-4319-BEBA-5714A13E91A2}.Release|Any CPU.Build.0 = Release|Any CPU
		{C3729A6E-0792-4271-AA23-8A7C6D89FDEB}.Debug|Any CPU.ActiveCfg = Debug|Any CPU
		{C3729A6E-0792-4271-AA23-8A7C6D89FDEB}.Debug|Any CPU.Build.0 = Debug|Any CPU
		{C3729A6E-0792-4271-AA23-8A7C6D89FDEB}.gitlab|Any CPU.ActiveCfg = Debug|Any CPU
		{C3729A6E-0792-4271-AA23-8A7C6D89FDEB}.gitlab|Any CPU.Build.0 = Debug|Any CPU
		{C3729A6E-0792-4271-AA23-8A7C6D89FDEB}.Release|Any CPU.ActiveCfg = Release|Any CPU
		{C3729A6E-0792-4271-AA23-8A7C6D89FDEB}.Release|Any CPU.Build.0 = Release|Any CPU
		{E87686AF-49C7-4593-9C90-47840753C096}.Debug|Any CPU.ActiveCfg = Debug|Any CPU
		{E87686AF-49C7-4593-9C90-47840753C096}.Debug|Any CPU.Build.0 = Debug|Any CPU
		{E87686AF-49C7-4593-9C90-47840753C096}.gitlab|Any CPU.ActiveCfg = Debug|Any CPU
		{E87686AF-49C7-4593-9C90-47840753C096}.gitlab|Any CPU.Build.0 = Debug|Any CPU
		{E87686AF-49C7-4593-9C90-47840753C096}.Release|Any CPU.ActiveCfg = Release|Any CPU
		{E87686AF-49C7-4593-9C90-47840753C096}.Release|Any CPU.Build.0 = Release|Any CPU
		{DCB80916-7DA4-415B-90C8-1D7CD0DA20E6}.Debug|Any CPU.ActiveCfg = Debug|Any CPU
		{DCB80916-7DA4-415B-90C8-1D7CD0DA20E6}.Debug|Any CPU.Build.0 = Debug|Any CPU
		{DCB80916-7DA4-415B-90C8-1D7CD0DA20E6}.gitlab|Any CPU.ActiveCfg = Debug|Any CPU
		{DCB80916-7DA4-415B-90C8-1D7CD0DA20E6}.gitlab|Any CPU.Build.0 = Debug|Any CPU
		{DCB80916-7DA4-415B-90C8-1D7CD0DA20E6}.Release|Any CPU.ActiveCfg = Release|Any CPU
		{DCB80916-7DA4-415B-90C8-1D7CD0DA20E6}.Release|Any CPU.Build.0 = Release|Any CPU
		{E9B239B4-BE9E-4722-8F27-80CD360F0965}.Debug|Any CPU.ActiveCfg = Debug|Any CPU
		{E9B239B4-BE9E-4722-8F27-80CD360F0965}.Debug|Any CPU.Build.0 = Debug|Any CPU
		{E9B239B4-BE9E-4722-8F27-80CD360F0965}.gitlab|Any CPU.ActiveCfg = Debug|Any CPU
		{E9B239B4-BE9E-4722-8F27-80CD360F0965}.gitlab|Any CPU.Build.0 = Debug|Any CPU
		{E9B239B4-BE9E-4722-8F27-80CD360F0965}.Release|Any CPU.ActiveCfg = Release|Any CPU
		{E9B239B4-BE9E-4722-8F27-80CD360F0965}.Release|Any CPU.Build.0 = Release|Any CPU
		{8E5CCBD6-03AB-4D78-AB02-74323F888207}.Debug|Any CPU.ActiveCfg = Debug|Any CPU
		{8E5CCBD6-03AB-4D78-AB02-74323F888207}.Debug|Any CPU.Build.0 = Debug|Any CPU
		{8E5CCBD6-03AB-4D78-AB02-74323F888207}.gitlab|Any CPU.ActiveCfg = Debug|Any CPU
		{8E5CCBD6-03AB-4D78-AB02-74323F888207}.gitlab|Any CPU.Build.0 = Debug|Any CPU
		{8E5CCBD6-03AB-4D78-AB02-74323F888207}.Release|Any CPU.ActiveCfg = Release|Any CPU
		{8E5CCBD6-03AB-4D78-AB02-74323F888207}.Release|Any CPU.Build.0 = Release|Any CPU
		{5F0F218A-9DF6-4365-A0B2-4FCD0C1A1337}.Debug|Any CPU.ActiveCfg = Debug|Any CPU
		{5F0F218A-9DF6-4365-A0B2-4FCD0C1A1337}.Debug|Any CPU.Build.0 = Debug|Any CPU
		{5F0F218A-9DF6-4365-A0B2-4FCD0C1A1337}.gitlab|Any CPU.ActiveCfg = Debug|Any CPU
		{5F0F218A-9DF6-4365-A0B2-4FCD0C1A1337}.gitlab|Any CPU.Build.0 = Debug|Any CPU
		{5F0F218A-9DF6-4365-A0B2-4FCD0C1A1337}.Release|Any CPU.ActiveCfg = Release|Any CPU
		{5F0F218A-9DF6-4365-A0B2-4FCD0C1A1337}.Release|Any CPU.Build.0 = Release|Any CPU
		{75F41584-04EC-41D9-8AE8-7DE3C546649B}.Debug|Any CPU.ActiveCfg = Debug|Any CPU
		{75F41584-04EC-41D9-8AE8-7DE3C546649B}.Debug|Any CPU.Build.0 = Debug|Any CPU
		{75F41584-04EC-41D9-8AE8-7DE3C546649B}.gitlab|Any CPU.ActiveCfg = Debug|Any CPU
		{75F41584-04EC-41D9-8AE8-7DE3C546649B}.gitlab|Any CPU.Build.0 = Debug|Any CPU
		{75F41584-04EC-41D9-8AE8-7DE3C546649B}.Release|Any CPU.ActiveCfg = Release|Any CPU
		{75F41584-04EC-41D9-8AE8-7DE3C546649B}.Release|Any CPU.Build.0 = Release|Any CPU
		{7253E98B-9349-490E-A66C-C88982B3D2E7}.Debug|Any CPU.ActiveCfg = Debug|Any CPU
		{7253E98B-9349-490E-A66C-C88982B3D2E7}.Debug|Any CPU.Build.0 = Debug|Any CPU
		{7253E98B-9349-490E-A66C-C88982B3D2E7}.gitlab|Any CPU.ActiveCfg = Debug|Any CPU
		{7253E98B-9349-490E-A66C-C88982B3D2E7}.gitlab|Any CPU.Build.0 = Debug|Any CPU
		{7253E98B-9349-490E-A66C-C88982B3D2E7}.Release|Any CPU.ActiveCfg = Release|Any CPU
		{7253E98B-9349-490E-A66C-C88982B3D2E7}.Release|Any CPU.Build.0 = Release|Any CPU
		{4424CB4E-0D14-46D6-AAA8-5A618FE82004}.Debug|Any CPU.ActiveCfg = Debug|Any CPU
		{4424CB4E-0D14-46D6-AAA8-5A618FE82004}.Debug|Any CPU.Build.0 = Debug|Any CPU
		{4424CB4E-0D14-46D6-AAA8-5A618FE82004}.gitlab|Any CPU.ActiveCfg = Debug|Any CPU
		{4424CB4E-0D14-46D6-AAA8-5A618FE82004}.gitlab|Any CPU.Build.0 = Debug|Any CPU
		{4424CB4E-0D14-46D6-AAA8-5A618FE82004}.Release|Any CPU.ActiveCfg = Release|Any CPU
		{4424CB4E-0D14-46D6-AAA8-5A618FE82004}.Release|Any CPU.Build.0 = Release|Any CPU
		{1753AA67-AAB2-48FC-B44B-924AD549A478}.Debug|Any CPU.ActiveCfg = Debug|Any CPU
		{1753AA67-AAB2-48FC-B44B-924AD549A478}.Debug|Any CPU.Build.0 = Debug|Any CPU
		{1753AA67-AAB2-48FC-B44B-924AD549A478}.gitlab|Any CPU.ActiveCfg = Debug|Any CPU
		{1753AA67-AAB2-48FC-B44B-924AD549A478}.gitlab|Any CPU.Build.0 = Debug|Any CPU
		{1753AA67-AAB2-48FC-B44B-924AD549A478}.Release|Any CPU.ActiveCfg = Release|Any CPU
		{1753AA67-AAB2-48FC-B44B-924AD549A478}.Release|Any CPU.Build.0 = Release|Any CPU
		{B80D93F1-5FB8-4F40-A7A6-2CAE3F4F8FA2}.Debug|Any CPU.ActiveCfg = Debug|Any CPU
		{B80D93F1-5FB8-4F40-A7A6-2CAE3F4F8FA2}.Debug|Any CPU.Build.0 = Debug|Any CPU
		{B80D93F1-5FB8-4F40-A7A6-2CAE3F4F8FA2}.gitlab|Any CPU.ActiveCfg = Debug|Any CPU
		{B80D93F1-5FB8-4F40-A7A6-2CAE3F4F8FA2}.gitlab|Any CPU.Build.0 = Debug|Any CPU
		{B80D93F1-5FB8-4F40-A7A6-2CAE3F4F8FA2}.Release|Any CPU.ActiveCfg = Release|Any CPU
		{B80D93F1-5FB8-4F40-A7A6-2CAE3F4F8FA2}.Release|Any CPU.Build.0 = Release|Any CPU
		{C72045F2-0A82-4F31-909E-82DABF2C46DC}.Debug|Any CPU.ActiveCfg = Debug|Any CPU
		{C72045F2-0A82-4F31-909E-82DABF2C46DC}.Debug|Any CPU.Build.0 = Debug|Any CPU
		{C72045F2-0A82-4F31-909E-82DABF2C46DC}.gitlab|Any CPU.ActiveCfg = Debug|Any CPU
		{C72045F2-0A82-4F31-909E-82DABF2C46DC}.gitlab|Any CPU.Build.0 = Debug|Any CPU
		{C72045F2-0A82-4F31-909E-82DABF2C46DC}.Release|Any CPU.ActiveCfg = Release|Any CPU
		{C72045F2-0A82-4F31-909E-82DABF2C46DC}.Release|Any CPU.Build.0 = Release|Any CPU
		{7540CC04-CBD0-4005-95CF-2A35FC9DCECE}.Debug|Any CPU.ActiveCfg = Debug|Any CPU
		{7540CC04-CBD0-4005-95CF-2A35FC9DCECE}.Debug|Any CPU.Build.0 = Debug|Any CPU
		{7540CC04-CBD0-4005-95CF-2A35FC9DCECE}.gitlab|Any CPU.ActiveCfg = Debug|Any CPU
		{7540CC04-CBD0-4005-95CF-2A35FC9DCECE}.gitlab|Any CPU.Build.0 = Debug|Any CPU
		{7540CC04-CBD0-4005-95CF-2A35FC9DCECE}.Release|Any CPU.ActiveCfg = Release|Any CPU
		{7540CC04-CBD0-4005-95CF-2A35FC9DCECE}.Release|Any CPU.Build.0 = Release|Any CPU
		{1A9D17BA-D3D6-462B-8E90-D5860357BAAE}.Debug|Any CPU.ActiveCfg = Debug|Any CPU
		{1A9D17BA-D3D6-462B-8E90-D5860357BAAE}.Debug|Any CPU.Build.0 = Debug|Any CPU
		{1A9D17BA-D3D6-462B-8E90-D5860357BAAE}.gitlab|Any CPU.ActiveCfg = Debug|Any CPU
		{1A9D17BA-D3D6-462B-8E90-D5860357BAAE}.gitlab|Any CPU.Build.0 = Debug|Any CPU
		{1A9D17BA-D3D6-462B-8E90-D5860357BAAE}.Release|Any CPU.ActiveCfg = Release|Any CPU
		{1A9D17BA-D3D6-462B-8E90-D5860357BAAE}.Release|Any CPU.Build.0 = Release|Any CPU
		{73585E91-679E-4F82-B9B8-521891D4730B}.Debug|Any CPU.ActiveCfg = Debug|Any CPU
		{73585E91-679E-4F82-B9B8-521891D4730B}.Debug|Any CPU.Build.0 = Debug|Any CPU
		{73585E91-679E-4F82-B9B8-521891D4730B}.gitlab|Any CPU.ActiveCfg = Debug|Any CPU
		{73585E91-679E-4F82-B9B8-521891D4730B}.gitlab|Any CPU.Build.0 = Debug|Any CPU
		{73585E91-679E-4F82-B9B8-521891D4730B}.Release|Any CPU.ActiveCfg = Release|Any CPU
		{73585E91-679E-4F82-B9B8-521891D4730B}.Release|Any CPU.Build.0 = Release|Any CPU
	EndGlobalSection
	GlobalSection(SolutionProperties) = preSolution
		HideSolutionNode = FALSE
	EndGlobalSection
	GlobalSection(NestedProjects) = preSolution
		{28D45B46-41EA-4012-B0A7-5DFC1E586697} = {D91B1E6D-88A5-4C4A-A8E8-C9ED200B3114}
		{3F3010F3-978A-4C4C-B417-274FD702009C} = {D91B1E6D-88A5-4C4A-A8E8-C9ED200B3114}
		{6B3EAE83-A508-452E-A805-6F9E296BD233} = {D91B1E6D-88A5-4C4A-A8E8-C9ED200B3114}
		{672825C7-1A4C-487C-BA78-B50BBC3684D5} = {D91B1E6D-88A5-4C4A-A8E8-C9ED200B3114}
		{F4C44D30-AA1B-4B35-9621-201797AF1FB7} = {D91B1E6D-88A5-4C4A-A8E8-C9ED200B3114}
		{8064092A-29EF-415F-854A-97E911E29A75} = {D91B1E6D-88A5-4C4A-A8E8-C9ED200B3114}
		{E9AED7F5-720A-4AD1-ABB4-B7C15E6672CC} = {D91B1E6D-88A5-4C4A-A8E8-C9ED200B3114}
		{C188859F-1A39-4095-AF6B-DB2EDC75DDFE} = {D91B1E6D-88A5-4C4A-A8E8-C9ED200B3114}
		{1404DBCA-F672-458B-9BD4-D4EA6350419B} = {D91B1E6D-88A5-4C4A-A8E8-C9ED200B3114}
		{D69ABC64-2224-49E7-A7B4-284252D1EEF9} = {D91B1E6D-88A5-4C4A-A8E8-C9ED200B3114}
		{379E98F5-D082-40CC-9954-F6E2D1DE81FA} = {D91B1E6D-88A5-4C4A-A8E8-C9ED200B3114}
		{B3F4C9FB-4767-4F13-97E6-B6DF7A7505D5} = {D91B1E6D-88A5-4C4A-A8E8-C9ED200B3114}
		{737A5CF9-4AEB-45B4-AB03-510339C04842} = {D91B1E6D-88A5-4C4A-A8E8-C9ED200B3114}
		{80BA50D6-2A94-4604-8A45-249EEFEC9EB2} = {D91B1E6D-88A5-4C4A-A8E8-C9ED200B3114}
		{1CBEB4D5-D21C-4AA9-B0A4-1DB2C76E26D2} = {D91B1E6D-88A5-4C4A-A8E8-C9ED200B3114}
		{6E4E8949-1E96-4619-A7A7-92F15C16AC66} = {D91B1E6D-88A5-4C4A-A8E8-C9ED200B3114}
		{D5C13DE4-4F84-4BE5-8035-72605E15D791} = {D91B1E6D-88A5-4C4A-A8E8-C9ED200B3114}
		{0C115347-28C2-454F-B6D6-472A96093EB4} = {D91B1E6D-88A5-4C4A-A8E8-C9ED200B3114}
		{263D5B1A-0FD9-4270-82C3-98868364946F} = {D91B1E6D-88A5-4C4A-A8E8-C9ED200B3114}
		{5265DABB-52C6-47B9-9DDB-ED09928D42D7} = {D91B1E6D-88A5-4C4A-A8E8-C9ED200B3114}
		{F75AAE2B-AAA1-4DE7-A87E-65A1BFA13080} = {D91B1E6D-88A5-4C4A-A8E8-C9ED200B3114}
		{0D2DD017-7990-4853-B04F-A9D5C8B9C341} = {D91B1E6D-88A5-4C4A-A8E8-C9ED200B3114}
		{647A37BA-BD84-49B4-B60D-4B4A86744FCA} = {D91B1E6D-88A5-4C4A-A8E8-C9ED200B3114}
		{52D7DEFE-7880-4659-BBED-A6AA5A0D4BEE} = {D91B1E6D-88A5-4C4A-A8E8-C9ED200B3114}
		{F86BDD6B-5C6A-48D6-8C98-A7C8B05860F4} = {D91B1E6D-88A5-4C4A-A8E8-C9ED200B3114}
		{4745C676-AF18-44BF-9A99-C04061444186} = {D91B1E6D-88A5-4C4A-A8E8-C9ED200B3114}
		{09362EE7-D088-4304-A2C0-EEB8776DE24C} = {D91B1E6D-88A5-4C4A-A8E8-C9ED200B3114}
		{EA2075FB-DE2C-49F6-857D-3039B3D3489E} = {D91B1E6D-88A5-4C4A-A8E8-C9ED200B3114}
		{076173FA-C208-41D5-8718-C191AD9EC6E8} = {D91B1E6D-88A5-4C4A-A8E8-C9ED200B3114}
		{36148146-54FC-4AB0-8837-56BAF5DBBB36} = {D91B1E6D-88A5-4C4A-A8E8-C9ED200B3114}
		{173D5120-21EC-4B6B-9EF9-91424C56F42B} = {D91B1E6D-88A5-4C4A-A8E8-C9ED200B3114}
		{1F054125-344A-48EB-96F7-7DE937954EAA} = {D91B1E6D-88A5-4C4A-A8E8-C9ED200B3114}
		{FE42B8A8-0B1F-4572-A0C6-C1D3494059BF} = {D91B1E6D-88A5-4C4A-A8E8-C9ED200B3114}
		{C5EDE79B-887C-4C7D-B9CD-8D3D31BC9FB7} = {D91B1E6D-88A5-4C4A-A8E8-C9ED200B3114}
		{6AF320A8-DE31-4A3A-B7DD-DD16A090D1D2} = {D91B1E6D-88A5-4C4A-A8E8-C9ED200B3114}
		{89B02BF6-4152-49B2-A040-93B53329E5C2} = {D91B1E6D-88A5-4C4A-A8E8-C9ED200B3114}
		{0FB609A6-C5E5-487C-8383-F832C1A5F96F} = {D91B1E6D-88A5-4C4A-A8E8-C9ED200B3114}
		{39C8666F-6758-4F17-B26C-006E6AAAAC0A} = {D91B1E6D-88A5-4C4A-A8E8-C9ED200B3114}
		{4B70A2A1-9AE5-44F9-B075-983D3BF1FF89} = {D91B1E6D-88A5-4C4A-A8E8-C9ED200B3114}
		{0C4B08C5-D788-4B74-9306-ABD2B1C857B1} = {D91B1E6D-88A5-4C4A-A8E8-C9ED200B3114}
		{14220AFE-003E-431D-860B-E2ACDE4DBF00} = {D91B1E6D-88A5-4C4A-A8E8-C9ED200B3114}
		{E74DE655-C326-4E61-ADA8-371BF722E3D3} = {D91B1E6D-88A5-4C4A-A8E8-C9ED200B3114}
		{C4269266-076E-4C25-9044-6B12CC40EACD} = {D91B1E6D-88A5-4C4A-A8E8-C9ED200B3114}
		{3488573D-DCAF-47E1-90FF-36326648F73A} = {D91B1E6D-88A5-4C4A-A8E8-C9ED200B3114}
		{0E53C4B2-13D6-4908-90D4-051C700AB9B2} = {D91B1E6D-88A5-4C4A-A8E8-C9ED200B3114}
		{AA10CE56-5A53-4FC4-8ABF-94E03C9074B8} = {D91B1E6D-88A5-4C4A-A8E8-C9ED200B3114}
		{2A77E1CD-D16A-4E2F-9D2B-24FA79348E67} = {D91B1E6D-88A5-4C4A-A8E8-C9ED200B3114}
		{28751446-7157-447A-BB90-3A31E9035A8D} = {D91B1E6D-88A5-4C4A-A8E8-C9ED200B3114}
		{1949862C-3E34-4CA1-AE5F-03EBB740A993} = {D91B1E6D-88A5-4C4A-A8E8-C9ED200B3114}
		{6065D3AE-9A65-4B53-9E6F-E3245D5B4797} = {D91B1E6D-88A5-4C4A-A8E8-C9ED200B3114}
		{FE47A37A-5C65-4EEA-804A-64F6D61687D5} = {D91B1E6D-88A5-4C4A-A8E8-C9ED200B3114}
		{C027A5E4-0F2C-41EB-8C56-ED0DC189428B} = {D91B1E6D-88A5-4C4A-A8E8-C9ED200B3114}
		{3C6A84C1-E971-4020-A443-DF87073C247B} = {D91B1E6D-88A5-4C4A-A8E8-C9ED200B3114}
		{0BCAF00D-9C19-4D54-8A7C-A2A85640AD6D} = {D91B1E6D-88A5-4C4A-A8E8-C9ED200B3114}
		{102B85A4-0FCE-4319-BEBA-5714A13E91A2} = {D91B1E6D-88A5-4C4A-A8E8-C9ED200B3114}
		{C3729A6E-0792-4271-AA23-8A7C6D89FDEB} = {D91B1E6D-88A5-4C4A-A8E8-C9ED200B3114}
		{E87686AF-49C7-4593-9C90-47840753C096} = {D91B1E6D-88A5-4C4A-A8E8-C9ED200B3114}
		{DCB80916-7DA4-415B-90C8-1D7CD0DA20E6} = {D91B1E6D-88A5-4C4A-A8E8-C9ED200B3114}
		{E9B239B4-BE9E-4722-8F27-80CD360F0965} = {D91B1E6D-88A5-4C4A-A8E8-C9ED200B3114}
		{8E5CCBD6-03AB-4D78-AB02-74323F888207} = {D91B1E6D-88A5-4C4A-A8E8-C9ED200B3114}
		{5F0F218A-9DF6-4365-A0B2-4FCD0C1A1337} = {D91B1E6D-88A5-4C4A-A8E8-C9ED200B3114}
		{75F41584-04EC-41D9-8AE8-7DE3C546649B} = {D91B1E6D-88A5-4C4A-A8E8-C9ED200B3114}
		{7253E98B-9349-490E-A66C-C88982B3D2E7} = {D91B1E6D-88A5-4C4A-A8E8-C9ED200B3114}
		{4424CB4E-0D14-46D6-AAA8-5A618FE82004} = {D91B1E6D-88A5-4C4A-A8E8-C9ED200B3114}
		{1753AA67-AAB2-48FC-B44B-924AD549A478} = {D91B1E6D-88A5-4C4A-A8E8-C9ED200B3114}
		{B80D93F1-5FB8-4F40-A7A6-2CAE3F4F8FA2} = {D91B1E6D-88A5-4C4A-A8E8-C9ED200B3114}
		{C72045F2-0A82-4F31-909E-82DABF2C46DC} = {D91B1E6D-88A5-4C4A-A8E8-C9ED200B3114}
		{7540CC04-CBD0-4005-95CF-2A35FC9DCECE} = {D91B1E6D-88A5-4C4A-A8E8-C9ED200B3114}
		{1A9D17BA-D3D6-462B-8E90-D5860357BAAE} = {D91B1E6D-88A5-4C4A-A8E8-C9ED200B3114}
		{73585E91-679E-4F82-B9B8-521891D4730B} = {D91B1E6D-88A5-4C4A-A8E8-C9ED200B3114}
	EndGlobalSection
	GlobalSection(ExtensibilityGlobals) = postSolution
		SolutionGuid = {EB0CF6B0-00A1-4E6D-888B-7531CFCB87EB}
	EndGlobalSection
EndGlobal
